
Microsoft Visual Studio Solution File, Format Version 12.00
# Visual Studio Version 17
VisualStudioVersion = 17.0.31903.59
MinimumVisualStudioVersion = 10.0.40219.1
Project("{FAE04EC0-301F-11D3-BF4B-00C04F79EFBC}") = "LawnPro.App", "Client\LawnPro.App\LawnPro.App.csproj", "{CEAFD3E7-F6FE-41D5-9E1D-CBF3A4EAB225}"
EndProject
Global
	GlobalSection(SolutionConfigurationPlatforms) = preSolution
		Debug|Any CPU = Debug|Any CPU
		Release|Any CPU = Release|Any CPU
	EndGlobalSection
	GlobalSection(ProjectConfigurationPlatforms) = postSolution
		{CEAFD3E7-F6FE-41D5-9E1D-CBF3A4EAB225}.Debug|Any CPU.ActiveCfg = Debug|Any CPU
		{CEAFD3E7-F6FE-41D5-9E1D-CBF3A4EAB225}.Debug|Any CPU.Build.0 = Debug|Any CPU
		{CEAFD3E7-F6FE-41D5-9E1D-CBF3A4EAB225}.Release|Any CPU.ActiveCfg = Release|Any CPU
		{CEAFD3E7-F6FE-41D5-9E1D-CBF3A4EAB225}.Release|Any CPU.Build.0 = Release|Any CPU
	EndGlobalSection
	GlobalSection(SolutionProperties) = preSolution
		HideSolutionNode = FALSE
	EndGlobalSection
	GlobalSection(ExtensibilityGlobals) = postSolution
		SolutionGuid = {3D3A5AFD-F493-4062-8C8A-4E6695522D25}
	EndGlobalSection
EndGlobal
